// !$*UTF8*$!
{
	archiveVersion = 1;
	classes = {
	};
	objectVersion = 51;
	objects = {

/* Begin PBXBuildFile section */
		0E366AEDC39046945696A554 /* Pods_Todo.framework in Frameworks */ = {isa = PBXBuildFile; fileRef = 9AF6B4ECCAB04D855C9AD585 /* Pods_Todo.framework */; };
		5CFCB9E01D58D5C8BDC6FA76 /* Pods_TodoTests.framework in Frameworks */ = {isa = PBXBuildFile; fileRef = 1C0ADDEE6B83603C4112B8AA /* Pods_TodoTests.framework */; };
		8419DEE827DB933B0097985D /* TodoViewModel.swift in Sources */ = {isa = PBXBuildFile; fileRef = 8419DEE727DB933B0097985D /* TodoViewModel.swift */; };
		843A996727DBE1F9007BCE24 /* TagsViewModel.swift in Sources */ = {isa = PBXBuildFile; fileRef = 843A996627DBE1F9007BCE24 /* TagsViewModel.swift */; };
		8481C0A427DA6E330054CB2F /* TabBarViewController.swift in Sources */ = {isa = PBXBuildFile; fileRef = 8481C0A327DA6E330054CB2F /* TabBarViewController.swift */; };
		8481C0B127DA83B80054CB2F /* ApiController.swift in Sources */ = {isa = PBXBuildFile; fileRef = 8481C0B027DA83B80054CB2F /* ApiController.swift */; };
		8481C0B927DA8AB20054CB2F /* TagsViewController.swift in Sources */ = {isa = PBXBuildFile; fileRef = 8481C0B827DA8AB20054CB2F /* TagsViewController.swift */; };
		8483A86827D89BA00002CA57 /* AppDelegate.swift in Sources */ = {isa = PBXBuildFile; fileRef = 8483A86727D89BA00002CA57 /* AppDelegate.swift */; };
		8483A86A27D89BA00002CA57 /* SceneDelegate.swift in Sources */ = {isa = PBXBuildFile; fileRef = 8483A86927D89BA00002CA57 /* SceneDelegate.swift */; };
		8483A86C27D89BA00002CA57 /* TodoViewController.swift in Sources */ = {isa = PBXBuildFile; fileRef = 8483A86B27D89BA00002CA57 /* TodoViewController.swift */; };
		8483A86F27D89BA00002CA57 /* Main.storyboard in Resources */ = {isa = PBXBuildFile; fileRef = 8483A86D27D89BA00002CA57 /* Main.storyboard */; };
		8483A87127D89BA40002CA57 /* Assets.xcassets in Resources */ = {isa = PBXBuildFile; fileRef = 8483A87027D89BA40002CA57 /* Assets.xcassets */; };
		8483A87F27D89BA40002CA57 /* TodoTests.swift in Sources */ = {isa = PBXBuildFile; fileRef = 8483A87E27D89BA40002CA57 /* TodoTests.swift */; };
		8483A88A27D89BA40002CA57 /* TodoUITests.swift in Sources */ = {isa = PBXBuildFile; fileRef = 8483A88927D89BA40002CA57 /* TodoUITests.swift */; };
		8483A89B27D902140002CA57 /* TodoDataList.swift in Sources */ = {isa = PBXBuildFile; fileRef = 8483A89A27D902140002CA57 /* TodoDataList.swift */; };
		8483A8A427D903D60002CA57 /* TaskDescription.swift in Sources */ = {isa = PBXBuildFile; fileRef = 8483A8A327D903D60002CA57 /* TaskDescription.swift */; };
		8483A8AB27D904520002CA57 /* priority.swift in Sources */ = {isa = PBXBuildFile; fileRef = 8483A8AA27D904520002CA57 /* priority.swift */; };
		8483A8B127D90E820002CA57 /* CreateTodo.storyboard in Resources */ = {isa = PBXBuildFile; fileRef = 8483A8B027D90E820002CA57 /* CreateTodo.storyboard */; };
		8483A8B927D912890002CA57 /* CreateTodoViewController.swift in Sources */ = {isa = PBXBuildFile; fileRef = 8483A8B827D912890002CA57 /* CreateTodoViewController.swift */; };
		CDD5FEF9F25E7B7A42590776 /* Pods_Todo_TodoUITests.framework in Frameworks */ = {isa = PBXBuildFile; fileRef = 6D92553297956FD291273DEE /* Pods_Todo_TodoUITests.framework */; };
/* End PBXBuildFile section */

/* Begin PBXContainerItemProxy section */
		8483A87B27D89BA40002CA57 /* PBXContainerItemProxy */ = {
			isa = PBXContainerItemProxy;
			containerPortal = 8483A85C27D89BA00002CA57 /* Project object */;
			proxyType = 1;
			remoteGlobalIDString = 8483A86327D89BA00002CA57;
			remoteInfo = Todo;
		};
		8483A88627D89BA40002CA57 /* PBXContainerItemProxy */ = {
			isa = PBXContainerItemProxy;
			containerPortal = 8483A85C27D89BA00002CA57 /* Project object */;
			proxyType = 1;
			remoteGlobalIDString = 8483A86327D89BA00002CA57;
			remoteInfo = Todo;
		};
/* End PBXContainerItemProxy section */

/* Begin PBXFileReference section */
		1C0ADDEE6B83603C4112B8AA /* Pods_TodoTests.framework */ = {isa = PBXFileReference; explicitFileType = wrapper.framework; includeInIndex = 0; path = Pods_TodoTests.framework; sourceTree = BUILT_PRODUCTS_DIR; };
		62C997B55DA35C154850B669 /* Pods-Todo.debug.xcconfig */ = {isa = PBXFileReference; includeInIndex = 1; lastKnownFileType = text.xcconfig; name = "Pods-Todo.debug.xcconfig"; path = "Target Support Files/Pods-Todo/Pods-Todo.debug.xcconfig"; sourceTree = "<group>"; };
		63405F7708492EBD4A9BA9B5 /* Pods-TodoTests.debug.xcconfig */ = {isa = PBXFileReference; includeInIndex = 1; lastKnownFileType = text.xcconfig; name = "Pods-TodoTests.debug.xcconfig"; path = "Target Support Files/Pods-TodoTests/Pods-TodoTests.debug.xcconfig"; sourceTree = "<group>"; };
		6D92553297956FD291273DEE /* Pods_Todo_TodoUITests.framework */ = {isa = PBXFileReference; explicitFileType = wrapper.framework; includeInIndex = 0; path = Pods_Todo_TodoUITests.framework; sourceTree = BUILT_PRODUCTS_DIR; };
		8419DEE727DB933B0097985D /* TodoViewModel.swift */ = {isa = PBXFileReference; lastKnownFileType = sourcecode.swift; path = TodoViewModel.swift; sourceTree = "<group>"; };
		843A996627DBE1F9007BCE24 /* TagsViewModel.swift */ = {isa = PBXFileReference; lastKnownFileType = sourcecode.swift; path = TagsViewModel.swift; sourceTree = "<group>"; };
		8481C0A327DA6E330054CB2F /* TabBarViewController.swift */ = {isa = PBXFileReference; lastKnownFileType = sourcecode.swift; path = TabBarViewController.swift; sourceTree = "<group>"; };
		8481C0B027DA83B80054CB2F /* ApiController.swift */ = {isa = PBXFileReference; lastKnownFileType = sourcecode.swift; path = ApiController.swift; sourceTree = "<group>"; };
		8481C0B827DA8AB20054CB2F /* TagsViewController.swift */ = {isa = PBXFileReference; lastKnownFileType = sourcecode.swift; path = TagsViewController.swift; sourceTree = "<group>"; };
		8483A86427D89BA00002CA57 /* Todo.app */ = {isa = PBXFileReference; explicitFileType = wrapper.application; includeInIndex = 0; path = Todo.app; sourceTree = BUILT_PRODUCTS_DIR; };
		8483A86727D89BA00002CA57 /* AppDelegate.swift */ = {isa = PBXFileReference; lastKnownFileType = sourcecode.swift; path = AppDelegate.swift; sourceTree = "<group>"; };
		8483A86927D89BA00002CA57 /* SceneDelegate.swift */ = {isa = PBXFileReference; lastKnownFileType = sourcecode.swift; path = SceneDelegate.swift; sourceTree = "<group>"; };
		8483A86B27D89BA00002CA57 /* TodoViewController.swift */ = {isa = PBXFileReference; lastKnownFileType = sourcecode.swift; path = TodoViewController.swift; sourceTree = "<group>"; };
		8483A86E27D89BA00002CA57 /* Base */ = {isa = PBXFileReference; lastKnownFileType = file.storyboard; name = Base; path = Base.lproj/Main.storyboard; sourceTree = "<group>"; };
		8483A87027D89BA40002CA57 /* Assets.xcassets */ = {isa = PBXFileReference; lastKnownFileType = folder.assetcatalog; path = Assets.xcassets; sourceTree = "<group>"; };
		8483A87527D89BA40002CA57 /* Info.plist */ = {isa = PBXFileReference; lastKnownFileType = text.plist.xml; path = Info.plist; sourceTree = "<group>"; };
		8483A87A27D89BA40002CA57 /* TodoTests.xctest */ = {isa = PBXFileReference; explicitFileType = wrapper.cfbundle; includeInIndex = 0; path = TodoTests.xctest; sourceTree = BUILT_PRODUCTS_DIR; };
		8483A87E27D89BA40002CA57 /* TodoTests.swift */ = {isa = PBXFileReference; lastKnownFileType = sourcecode.swift; path = TodoTests.swift; sourceTree = "<group>"; };
		8483A88027D89BA40002CA57 /* Info.plist */ = {isa = PBXFileReference; lastKnownFileType = text.plist.xml; path = Info.plist; sourceTree = "<group>"; };
		8483A88527D89BA40002CA57 /* TodoUITests.xctest */ = {isa = PBXFileReference; explicitFileType = wrapper.cfbundle; includeInIndex = 0; path = TodoUITests.xctest; sourceTree = BUILT_PRODUCTS_DIR; };
		8483A88927D89BA40002CA57 /* TodoUITests.swift */ = {isa = PBXFileReference; lastKnownFileType = sourcecode.swift; path = TodoUITests.swift; sourceTree = "<group>"; };
		8483A88B27D89BA40002CA57 /* Info.plist */ = {isa = PBXFileReference; lastKnownFileType = text.plist.xml; path = Info.plist; sourceTree = "<group>"; };
		8483A89A27D902140002CA57 /* TodoDataList.swift */ = {isa = PBXFileReference; lastKnownFileType = sourcecode.swift; path = TodoDataList.swift; sourceTree = "<group>"; };
		8483A8A327D903D60002CA57 /* TaskDescription.swift */ = {isa = PBXFileReference; lastKnownFileType = sourcecode.swift; path = TaskDescription.swift; sourceTree = "<group>"; };
		8483A8AA27D904520002CA57 /* priority.swift */ = {isa = PBXFileReference; lastKnownFileType = sourcecode.swift; path = priority.swift; sourceTree = "<group>"; };
		8483A8B027D90E820002CA57 /* CreateTodo.storyboard */ = {isa = PBXFileReference; lastKnownFileType = file.storyboard; path = CreateTodo.storyboard; sourceTree = "<group>"; };
		8483A8B827D912890002CA57 /* CreateTodoViewController.swift */ = {isa = PBXFileReference; lastKnownFileType = sourcecode.swift; path = CreateTodoViewController.swift; sourceTree = "<group>"; };
		850AA50CB4A0AE9119A5CC0B /* Pods-TodoTests.release.xcconfig */ = {isa = PBXFileReference; includeInIndex = 1; lastKnownFileType = text.xcconfig; name = "Pods-TodoTests.release.xcconfig"; path = "Target Support Files/Pods-TodoTests/Pods-TodoTests.release.xcconfig"; sourceTree = "<group>"; };
		9AF6B4ECCAB04D855C9AD585 /* Pods_Todo.framework */ = {isa = PBXFileReference; explicitFileType = wrapper.framework; includeInIndex = 0; path = Pods_Todo.framework; sourceTree = BUILT_PRODUCTS_DIR; };
		B629BB19F1DC1339FCF80659 /* Pods-Todo.release.xcconfig */ = {isa = PBXFileReference; includeInIndex = 1; lastKnownFileType = text.xcconfig; name = "Pods-Todo.release.xcconfig"; path = "Target Support Files/Pods-Todo/Pods-Todo.release.xcconfig"; sourceTree = "<group>"; };
		B96EEB601466ED6B29A10AAD /* Pods-Todo-TodoUITests.debug.xcconfig */ = {isa = PBXFileReference; includeInIndex = 1; lastKnownFileType = text.xcconfig; name = "Pods-Todo-TodoUITests.debug.xcconfig"; path = "Target Support Files/Pods-Todo-TodoUITests/Pods-Todo-TodoUITests.debug.xcconfig"; sourceTree = "<group>"; };
		EE57C967D9CFAB17659FBF4F /* Pods-Todo-TodoUITests.release.xcconfig */ = {isa = PBXFileReference; includeInIndex = 1; lastKnownFileType = text.xcconfig; name = "Pods-Todo-TodoUITests.release.xcconfig"; path = "Target Support Files/Pods-Todo-TodoUITests/Pods-Todo-TodoUITests.release.xcconfig"; sourceTree = "<group>"; };
/* End PBXFileReference section */

/* Begin PBXFrameworksBuildPhase section */
		8483A86127D89BA00002CA57 /* Frameworks */ = {
			isa = PBXFrameworksBuildPhase;
			buildActionMask = 2147483647;
			files = (
				0E366AEDC39046945696A554 /* Pods_Todo.framework in Frameworks */,
			);
			runOnlyForDeploymentPostprocessing = 0;
		};
		8483A87727D89BA40002CA57 /* Frameworks */ = {
			isa = PBXFrameworksBuildPhase;
			buildActionMask = 2147483647;
			files = (
				5CFCB9E01D58D5C8BDC6FA76 /* Pods_TodoTests.framework in Frameworks */,
			);
			runOnlyForDeploymentPostprocessing = 0;
		};
		8483A88227D89BA40002CA57 /* Frameworks */ = {
			isa = PBXFrameworksBuildPhase;
			buildActionMask = 2147483647;
			files = (
				CDD5FEF9F25E7B7A42590776 /* Pods_Todo_TodoUITests.framework in Frameworks */,
			);
			runOnlyForDeploymentPostprocessing = 0;
		};
/* End PBXFrameworksBuildPhase section */

/* Begin PBXGroup section */
		1C5A10A8EC253C2EBFF26503 /* Pods */ = {
			isa = PBXGroup;
			children = (
				62C997B55DA35C154850B669 /* Pods-Todo.debug.xcconfig */,
				B629BB19F1DC1339FCF80659 /* Pods-Todo.release.xcconfig */,
				B96EEB601466ED6B29A10AAD /* Pods-Todo-TodoUITests.debug.xcconfig */,
				EE57C967D9CFAB17659FBF4F /* Pods-Todo-TodoUITests.release.xcconfig */,
				63405F7708492EBD4A9BA9B5 /* Pods-TodoTests.debug.xcconfig */,
				850AA50CB4A0AE9119A5CC0B /* Pods-TodoTests.release.xcconfig */,
			);
			path = Pods;
			sourceTree = "<group>";
		};
		1CF6475BA8D7B196F4CD4B90 /* Frameworks */ = {
			isa = PBXGroup;
			children = (
				9AF6B4ECCAB04D855C9AD585 /* Pods_Todo.framework */,
				6D92553297956FD291273DEE /* Pods_Todo_TodoUITests.framework */,
				1C0ADDEE6B83603C4112B8AA /* Pods_TodoTests.framework */,
			);
			name = Frameworks;
			sourceTree = "<group>";
		};
		8419DEE527DB90B10097985D /* View */ = {
			isa = PBXGroup;
			children = (
				8483A8D927D930EE0002CA57 /* Controllers */,
				8483A8AF27D90E470002CA57 /* Storyboards */,
			);
			path = View;
			sourceTree = "<group>";
		};
		8419DEE627DB90E80097985D /* ViewModel */ = {
			isa = PBXGroup;
			children = (
				8419DEE727DB933B0097985D /* TodoViewModel.swift */,
				843A996627DBE1F9007BCE24 /* TagsViewModel.swift */,
			);
			path = ViewModel;
			sourceTree = "<group>";
		};
		8419DEEF27DB95AF0097985D /* Utility */ = {
			isa = PBXGroup;
			children = (
				8481C0B027DA83B80054CB2F /* ApiController.swift */,
			);
			path = Utility;
			sourceTree = "<group>";
		};
		8483A85B27D89BA00002CA57 = {
			isa = PBXGroup;
			children = (
				8483A86627D89BA00002CA57 /* Todo */,
				8483A87D27D89BA40002CA57 /* TodoTests */,
				8483A88827D89BA40002CA57 /* TodoUITests */,
				8483A86527D89BA00002CA57 /* Products */,
				1C5A10A8EC253C2EBFF26503 /* Pods */,
				1CF6475BA8D7B196F4CD4B90 /* Frameworks */,
			);
			sourceTree = "<group>";
		};
		8483A86527D89BA00002CA57 /* Products */ = {
			isa = PBXGroup;
			children = (
				8483A86427D89BA00002CA57 /* Todo.app */,
				8483A87A27D89BA40002CA57 /* TodoTests.xctest */,
				8483A88527D89BA40002CA57 /* TodoUITests.xctest */,
			);
			name = Products;
			sourceTree = "<group>";
		};
		8483A86627D89BA00002CA57 /* Todo */ = {
			isa = PBXGroup;
			children = (
				8419DEEF27DB95AF0097985D /* Utility */,
				8419DEE627DB90E80097985D /* ViewModel */,
				8419DEE527DB90B10097985D /* View */,
				8483A8A927D9041F0002CA57 /* Enum */,
				8483A89F27D902320002CA57 /* Model */,
				8483A86727D89BA00002CA57 /* AppDelegate.swift */,
				8483A86927D89BA00002CA57 /* SceneDelegate.swift */,
				8483A87027D89BA40002CA57 /* Assets.xcassets */,
				8483A87527D89BA40002CA57 /* Info.plist */,
			);
			path = Todo;
			sourceTree = "<group>";
		};
		8483A87D27D89BA40002CA57 /* TodoTests */ = {
			isa = PBXGroup;
			children = (
				8483A87E27D89BA40002CA57 /* TodoTests.swift */,
				8483A88027D89BA40002CA57 /* Info.plist */,
			);
			path = TodoTests;
			sourceTree = "<group>";
		};
		8483A88827D89BA40002CA57 /* TodoUITests */ = {
			isa = PBXGroup;
			children = (
				8483A88927D89BA40002CA57 /* TodoUITests.swift */,
				8483A88B27D89BA40002CA57 /* Info.plist */,
			);
			path = TodoUITests;
			sourceTree = "<group>";
		};
		8483A89F27D902320002CA57 /* Model */ = {
			isa = PBXGroup;
			children = (
				8483A89A27D902140002CA57 /* TodoDataList.swift */,
				8483A8A327D903D60002CA57 /* TaskDescription.swift */,
			);
			path = Model;
			sourceTree = "<group>";
		};
		8483A8A927D9041F0002CA57 /* Enum */ = {
			isa = PBXGroup;
			children = (
				8483A8AA27D904520002CA57 /* priority.swift */,
			);
			path = Enum;
			sourceTree = "<group>";
		};
		8483A8AF27D90E470002CA57 /* Storyboards */ = {
			isa = PBXGroup;
			children = (
				8483A86D27D89BA00002CA57 /* Main.storyboard */,
				8483A8B027D90E820002CA57 /* CreateTodo.storyboard */,
			);
			path = Storyboards;
			sourceTree = "<group>";
		};
		8483A8D927D930EE0002CA57 /* Controllers */ = {
			isa = PBXGroup;
			children = (
				8483A8B827D912890002CA57 /* CreateTodoViewController.swift */,
				8483A86B27D89BA00002CA57 /* TodoViewController.swift */,
				8481C0A327DA6E330054CB2F /* TabBarViewController.swift */,
				8481C0B827DA8AB20054CB2F /* TagsViewController.swift */,
			);
			path = Controllers;
			sourceTree = "<group>";
		};
/* End PBXGroup section */

/* Begin PBXNativeTarget section */
		8483A86327D89BA00002CA57 /* Todo */ = {
			isa = PBXNativeTarget;
			buildConfigurationList = 8483A88E27D89BA40002CA57 /* Build configuration list for PBXNativeTarget "Todo" */;
			buildPhases = (
				5C7BFE58A39C2C83CBD3AE72 /* [CP] Check Pods Manifest.lock */,
				8483A86027D89BA00002CA57 /* Sources */,
				8483A86127D89BA00002CA57 /* Frameworks */,
				8483A86227D89BA00002CA57 /* Resources */,
				B10DDCBFF63A9115C5D82572 /* [CP] Embed Pods Frameworks */,
			);
			buildRules = (
			);
			dependencies = (
			);
			name = Todo;
			productName = Todo;
			productReference = 8483A86427D89BA00002CA57 /* Todo.app */;
			productType = "com.apple.product-type.application";
		};
		8483A87927D89BA40002CA57 /* TodoTests */ = {
			isa = PBXNativeTarget;
			buildConfigurationList = 8483A89127D89BA40002CA57 /* Build configuration list for PBXNativeTarget "TodoTests" */;
			buildPhases = (
				9E15A97D03BD5F831FC5BBCE /* [CP] Check Pods Manifest.lock */,
				8483A87627D89BA40002CA57 /* Sources */,
				8483A87727D89BA40002CA57 /* Frameworks */,
				8483A87827D89BA40002CA57 /* Resources */,
			);
			buildRules = (
			);
			dependencies = (
				8483A87C27D89BA40002CA57 /* PBXTargetDependency */,
			);
			name = TodoTests;
			productName = TodoTests;
			productReference = 8483A87A27D89BA40002CA57 /* TodoTests.xctest */;
			productType = "com.apple.product-type.bundle.unit-test";
		};
		8483A88427D89BA40002CA57 /* TodoUITests */ = {
			isa = PBXNativeTarget;
			buildConfigurationList = 8483A89427D89BA40002CA57 /* Build configuration list for PBXNativeTarget "TodoUITests" */;
			buildPhases = (
				D4B2F841B3665C40DE1B4C06 /* [CP] Check Pods Manifest.lock */,
				8483A88127D89BA40002CA57 /* Sources */,
				8483A88227D89BA40002CA57 /* Frameworks */,
				8483A88327D89BA40002CA57 /* Resources */,
				B6CACD5AA23CE7F9A4C11B52 /* [CP] Embed Pods Frameworks */,
			);
			buildRules = (
			);
			dependencies = (
				8483A88727D89BA40002CA57 /* PBXTargetDependency */,
			);
			name = TodoUITests;
			productName = TodoUITests;
			productReference = 8483A88527D89BA40002CA57 /* TodoUITests.xctest */;
			productType = "com.apple.product-type.bundle.ui-testing";
		};
/* End PBXNativeTarget section */

/* Begin PBXProject section */
		8483A85C27D89BA00002CA57 /* Project object */ = {
			isa = PBXProject;
			attributes = {
				LastSwiftUpdateCheck = 1220;
				LastUpgradeCheck = 1220;
				TargetAttributes = {
					8483A86327D89BA00002CA57 = {
						CreatedOnToolsVersion = 12.2;
					};
					8483A87927D89BA40002CA57 = {
						CreatedOnToolsVersion = 12.2;
						TestTargetID = 8483A86327D89BA00002CA57;
					};
					8483A88427D89BA40002CA57 = {
						CreatedOnToolsVersion = 12.2;
						TestTargetID = 8483A86327D89BA00002CA57;
					};
				};
			};
			buildConfigurationList = 8483A85F27D89BA00002CA57 /* Build configuration list for PBXProject "Todo" */;
			compatibilityVersion = "Xcode 9.3";
			developmentRegion = en;
			hasScannedForEncodings = 0;
			knownRegions = (
				en,
				Base,
			);
			mainGroup = 8483A85B27D89BA00002CA57;
			productRefGroup = 8483A86527D89BA00002CA57 /* Products */;
			projectDirPath = "";
			projectRoot = "";
			targets = (
				8483A86327D89BA00002CA57 /* Todo */,
				8483A87927D89BA40002CA57 /* TodoTests */,
				8483A88427D89BA40002CA57 /* TodoUITests */,
			);
		};
/* End PBXProject section */

/* Begin PBXResourcesBuildPhase section */
		8483A86227D89BA00002CA57 /* Resources */ = {
			isa = PBXResourcesBuildPhase;
			buildActionMask = 2147483647;
			files = (
				8483A87127D89BA40002CA57 /* Assets.xcassets in Resources */,
				8483A8B127D90E820002CA57 /* CreateTodo.storyboard in Resources */,
				8483A86F27D89BA00002CA57 /* Main.storyboard in Resources */,
			);
			runOnlyForDeploymentPostprocessing = 0;
		};
		8483A87827D89BA40002CA57 /* Resources */ = {
			isa = PBXResourcesBuildPhase;
			buildActionMask = 2147483647;
			files = (
			);
			runOnlyForDeploymentPostprocessing = 0;
		};
		8483A88327D89BA40002CA57 /* Resources */ = {
			isa = PBXResourcesBuildPhase;
			buildActionMask = 2147483647;
			files = (
			);
			runOnlyForDeploymentPostprocessing = 0;
		};
/* End PBXResourcesBuildPhase section */

/* Begin PBXShellScriptBuildPhase section */
		5C7BFE58A39C2C83CBD3AE72 /* [CP] Check Pods Manifest.lock */ = {
			isa = PBXShellScriptBuildPhase;
			buildActionMask = 2147483647;
			files = (
			);
			inputFileListPaths = (
			);
			inputPaths = (
				"${PODS_PODFILE_DIR_PATH}/Podfile.lock",
				"${PODS_ROOT}/Manifest.lock",
			);
			name = "[CP] Check Pods Manifest.lock";
			outputFileListPaths = (
			);
			outputPaths = (
				"$(DERIVED_FILE_DIR)/Pods-Todo-checkManifestLockResult.txt",
			);
			runOnlyForDeploymentPostprocessing = 0;
			shellPath = /bin/sh;
			shellScript = "diff \"${PODS_PODFILE_DIR_PATH}/Podfile.lock\" \"${PODS_ROOT}/Manifest.lock\" > /dev/null\nif [ $? != 0 ] ; then\n    # print error to STDERR\n    echo \"error: The sandbox is not in sync with the Podfile.lock. Run 'pod install' or update your CocoaPods installation.\" >&2\n    exit 1\nfi\n# This output is used by Xcode 'outputs' to avoid re-running this script phase.\necho \"SUCCESS\" > \"${SCRIPT_OUTPUT_FILE_0}\"\n";
			showEnvVarsInLog = 0;
		};
		9E15A97D03BD5F831FC5BBCE /* [CP] Check Pods Manifest.lock */ = {
			isa = PBXShellScriptBuildPhase;
			buildActionMask = 2147483647;
			files = (
			);
			inputFileListPaths = (
			);
			inputPaths = (
				"${PODS_PODFILE_DIR_PATH}/Podfile.lock",
				"${PODS_ROOT}/Manifest.lock",
			);
			name = "[CP] Check Pods Manifest.lock";
			outputFileListPaths = (
			);
			outputPaths = (
				"$(DERIVED_FILE_DIR)/Pods-TodoTests-checkManifestLockResult.txt",
			);
			runOnlyForDeploymentPostprocessing = 0;
			shellPath = /bin/sh;
			shellScript = "diff \"${PODS_PODFILE_DIR_PATH}/Podfile.lock\" \"${PODS_ROOT}/Manifest.lock\" > /dev/null\nif [ $? != 0 ] ; then\n    # print error to STDERR\n    echo \"error: The sandbox is not in sync with the Podfile.lock. Run 'pod install' or update your CocoaPods installation.\" >&2\n    exit 1\nfi\n# This output is used by Xcode 'outputs' to avoid re-running this script phase.\necho \"SUCCESS\" > \"${SCRIPT_OUTPUT_FILE_0}\"\n";
			showEnvVarsInLog = 0;
		};
		B10DDCBFF63A9115C5D82572 /* [CP] Embed Pods Frameworks */ = {
			isa = PBXShellScriptBuildPhase;
			buildActionMask = 2147483647;
			files = (
			);
			inputFileListPaths = (
				"${PODS_ROOT}/Target Support Files/Pods-Todo/Pods-Todo-frameworks-${CONFIGURATION}-input-files.xcfilelist",
			);
			name = "[CP] Embed Pods Frameworks";
			outputFileListPaths = (
				"${PODS_ROOT}/Target Support Files/Pods-Todo/Pods-Todo-frameworks-${CONFIGURATION}-output-files.xcfilelist",
			);
			runOnlyForDeploymentPostprocessing = 0;
			shellPath = /bin/sh;
			shellScript = "\"${PODS_ROOT}/Target Support Files/Pods-Todo/Pods-Todo-frameworks.sh\"\n";
			showEnvVarsInLog = 0;
		};
		B6CACD5AA23CE7F9A4C11B52 /* [CP] Embed Pods Frameworks */ = {
			isa = PBXShellScriptBuildPhase;
			buildActionMask = 2147483647;
			files = (
			);
			inputFileListPaths = (
				"${PODS_ROOT}/Target Support Files/Pods-Todo-TodoUITests/Pods-Todo-TodoUITests-frameworks-${CONFIGURATION}-input-files.xcfilelist",
			);
			name = "[CP] Embed Pods Frameworks";
			outputFileListPaths = (
				"${PODS_ROOT}/Target Support Files/Pods-Todo-TodoUITests/Pods-Todo-TodoUITests-frameworks-${CONFIGURATION}-output-files.xcfilelist",
			);
			runOnlyForDeploymentPostprocessing = 0;
			shellPath = /bin/sh;
			shellScript = "\"${PODS_ROOT}/Target Support Files/Pods-Todo-TodoUITests/Pods-Todo-TodoUITests-frameworks.sh\"\n";
			showEnvVarsInLog = 0;
		};
		D4B2F841B3665C40DE1B4C06 /* [CP] Check Pods Manifest.lock */ = {
			isa = PBXShellScriptBuildPhase;
			buildActionMask = 2147483647;
			files = (
			);
			inputFileListPaths = (
			);
			inputPaths = (
				"${PODS_PODFILE_DIR_PATH}/Podfile.lock",
				"${PODS_ROOT}/Manifest.lock",
			);
			name = "[CP] Check Pods Manifest.lock";
			outputFileListPaths = (
			);
			outputPaths = (
				"$(DERIVED_FILE_DIR)/Pods-Todo-TodoUITests-checkManifestLockResult.txt",
			);
			runOnlyForDeploymentPostprocessing = 0;
			shellPath = /bin/sh;
			shellScript = "diff \"${PODS_PODFILE_DIR_PATH}/Podfile.lock\" \"${PODS_ROOT}/Manifest.lock\" > /dev/null\nif [ $? != 0 ] ; then\n    # print error to STDERR\n    echo \"error: The sandbox is not in sync with the Podfile.lock. Run 'pod install' or update your CocoaPods installation.\" >&2\n    exit 1\nfi\n# This output is used by Xcode 'outputs' to avoid re-running this script phase.\necho \"SUCCESS\" > \"${SCRIPT_OUTPUT_FILE_0}\"\n";
			showEnvVarsInLog = 0;
		};
/* End PBXShellScriptBuildPhase section */

/* Begin PBXSourcesBuildPhase section */
		8483A86027D89BA00002CA57 /* Sources */ = {
			isa = PBXSourcesBuildPhase;
			buildActionMask = 2147483647;
			files = (
				8481C0A427DA6E330054CB2F /* TabBarViewController.swift in Sources */,
				843A996727DBE1F9007BCE24 /* TagsViewModel.swift in Sources */,
				8483A86C27D89BA00002CA57 /* TodoViewController.swift in Sources */,
				8483A8B927D912890002CA57 /* CreateTodoViewController.swift in Sources */,
				8483A8AB27D904520002CA57 /* priority.swift in Sources */,
				8481C0B127DA83B80054CB2F /* ApiController.swift in Sources */,
				8483A86827D89BA00002CA57 /* AppDelegate.swift in Sources */,
				8483A8A427D903D60002CA57 /* TaskDescription.swift in Sources */,
				8481C0B927DA8AB20054CB2F /* TagsViewController.swift in Sources */,
				8483A86A27D89BA00002CA57 /* SceneDelegate.swift in Sources */,
				8419DEE827DB933B0097985D /* TodoViewModel.swift in Sources */,
				8483A89B27D902140002CA57 /* TodoDataList.swift in Sources */,
			);
			runOnlyForDeploymentPostprocessing = 0;
		};
		8483A87627D89BA40002CA57 /* Sources */ = {
			isa = PBXSourcesBuildPhase;
			buildActionMask = 2147483647;
			files = (
				8483A87F27D89BA40002CA57 /* TodoTests.swift in Sources */,
			);
			runOnlyForDeploymentPostprocessing = 0;
		};
		8483A88127D89BA40002CA57 /* Sources */ = {
			isa = PBXSourcesBuildPhase;
			buildActionMask = 2147483647;
			files = (
				8483A88A27D89BA40002CA57 /* TodoUITests.swift in Sources */,
			);
			runOnlyForDeploymentPostprocessing = 0;
		};
/* End PBXSourcesBuildPhase section */

/* Begin PBXTargetDependency section */
		8483A87C27D89BA40002CA57 /* PBXTargetDependency */ = {
			isa = PBXTargetDependency;
			target = 8483A86327D89BA00002CA57 /* Todo */;
			targetProxy = 8483A87B27D89BA40002CA57 /* PBXContainerItemProxy */;
		};
		8483A88727D89BA40002CA57 /* PBXTargetDependency */ = {
			isa = PBXTargetDependency;
			target = 8483A86327D89BA00002CA57 /* Todo */;
			targetProxy = 8483A88627D89BA40002CA57 /* PBXContainerItemProxy */;
		};
/* End PBXTargetDependency section */

/* Begin PBXVariantGroup section */
		8483A86D27D89BA00002CA57 /* Main.storyboard */ = {
			isa = PBXVariantGroup;
			children = (
				8483A86E27D89BA00002CA57 /* Base */,
			);
			name = Main.storyboard;
			sourceTree = "<group>";
		};
/* End PBXVariantGroup section */

/* Begin XCBuildConfiguration section */
		8483A88C27D89BA40002CA57 /* Debug */ = {
			isa = XCBuildConfiguration;
			buildSettings = {
				ALWAYS_SEARCH_USER_PATHS = NO;
				CLANG_ANALYZER_NONNULL = YES;
				CLANG_ANALYZER_NUMBER_OBJECT_CONVERSION = YES_AGGRESSIVE;
				CLANG_CXX_LANGUAGE_STANDARD = "gnu++14";
				CLANG_CXX_LIBRARY = "libc++";
				CLANG_ENABLE_MODULES = YES;
				CLANG_ENABLE_OBJC_ARC = YES;
				CLANG_ENABLE_OBJC_WEAK = YES;
				CLANG_WARN_BLOCK_CAPTURE_AUTORELEASING = YES;
				CLANG_WARN_BOOL_CONVERSION = YES;
				CLANG_WARN_COMMA = YES;
				CLANG_WARN_CONSTANT_CONVERSION = YES;
				CLANG_WARN_DEPRECATED_OBJC_IMPLEMENTATIONS = YES;
				CLANG_WARN_DIRECT_OBJC_ISA_USAGE = YES_ERROR;
				CLANG_WARN_DOCUMENTATION_COMMENTS = YES;
				CLANG_WARN_EMPTY_BODY = YES;
				CLANG_WARN_ENUM_CONVERSION = YES;
				CLANG_WARN_INFINITE_RECURSION = YES;
				CLANG_WARN_INT_CONVERSION = YES;
				CLANG_WARN_NON_LITERAL_NULL_CONVERSION = YES;
				CLANG_WARN_OBJC_IMPLICIT_RETAIN_SELF = YES;
				CLANG_WARN_OBJC_LITERAL_CONVERSION = YES;
				CLANG_WARN_OBJC_ROOT_CLASS = YES_ERROR;
				CLANG_WARN_QUOTED_INCLUDE_IN_FRAMEWORK_HEADER = YES;
				CLANG_WARN_RANGE_LOOP_ANALYSIS = YES;
				CLANG_WARN_STRICT_PROTOTYPES = YES;
				CLANG_WARN_SUSPICIOUS_MOVE = YES;
				CLANG_WARN_UNGUARDED_AVAILABILITY = YES_AGGRESSIVE;
				CLANG_WARN_UNREACHABLE_CODE = YES;
				CLANG_WARN__DUPLICATE_METHOD_MATCH = YES;
				COPY_PHASE_STRIP = NO;
				DEBUG_INFORMATION_FORMAT = dwarf;
				ENABLE_STRICT_OBJC_MSGSEND = YES;
				ENABLE_TESTABILITY = YES;
				GCC_C_LANGUAGE_STANDARD = gnu11;
				GCC_DYNAMIC_NO_PIC = NO;
				GCC_NO_COMMON_BLOCKS = YES;
				GCC_OPTIMIZATION_LEVEL = 0;
				GCC_PREPROCESSOR_DEFINITIONS = (
					"DEBUG=1",
					"$(inherited)",
				);
				GCC_WARN_64_TO_32_BIT_CONVERSION = YES;
				GCC_WARN_ABOUT_RETURN_TYPE = YES_ERROR;
				GCC_WARN_UNDECLARED_SELECTOR = YES;
				GCC_WARN_UNINITIALIZED_AUTOS = YES_AGGRESSIVE;
				GCC_WARN_UNUSED_FUNCTION = YES;
				GCC_WARN_UNUSED_VARIABLE = YES;
				IPHONEOS_DEPLOYMENT_TARGET = 14.2;
				MTL_ENABLE_DEBUG_INFO = INCLUDE_SOURCE;
				MTL_FAST_MATH = YES;
				ONLY_ACTIVE_ARCH = YES;
				SDKROOT = iphoneos;
				SWIFT_ACTIVE_COMPILATION_CONDITIONS = DEBUG;
				SWIFT_OPTIMIZATION_LEVEL = "-Onone";
			};
			name = Debug;
		};
		8483A88D27D89BA40002CA57 /* Release */ = {
			isa = XCBuildConfiguration;
			buildSettings = {
				ALWAYS_SEARCH_USER_PATHS = NO;
				CLANG_ANALYZER_NONNULL = YES;
				CLANG_ANALYZER_NUMBER_OBJECT_CONVERSION = YES_AGGRESSIVE;
				CLANG_CXX_LANGUAGE_STANDARD = "gnu++14";
				CLANG_CXX_LIBRARY = "libc++";
				CLANG_ENABLE_MODULES = YES;
				CLANG_ENABLE_OBJC_ARC = YES;
				CLANG_ENABLE_OBJC_WEAK = YES;
				CLANG_WARN_BLOCK_CAPTURE_AUTORELEASING = YES;
				CLANG_WARN_BOOL_CONVERSION = YES;
				CLANG_WARN_COMMA = YES;
				CLANG_WARN_CONSTANT_CONVERSION = YES;
				CLANG_WARN_DEPRECATED_OBJC_IMPLEMENTATIONS = YES;
				CLANG_WARN_DIRECT_OBJC_ISA_USAGE = YES_ERROR;
				CLANG_WARN_DOCUMENTATION_COMMENTS = YES;
				CLANG_WARN_EMPTY_BODY = YES;
				CLANG_WARN_ENUM_CONVERSION = YES;
				CLANG_WARN_INFINITE_RECURSION = YES;
				CLANG_WARN_INT_CONVERSION = YES;
				CLANG_WARN_NON_LITERAL_NULL_CONVERSION = YES;
				CLANG_WARN_OBJC_IMPLICIT_RETAIN_SELF = YES;
				CLANG_WARN_OBJC_LITERAL_CONVERSION = YES;
				CLANG_WARN_OBJC_ROOT_CLASS = YES_ERROR;
				CLANG_WARN_QUOTED_INCLUDE_IN_FRAMEWORK_HEADER = YES;
				CLANG_WARN_RANGE_LOOP_ANALYSIS = YES;
				CLANG_WARN_STRICT_PROTOTYPES = YES;
				CLANG_WARN_SUSPICIOUS_MOVE = YES;
				CLANG_WARN_UNGUARDED_AVAILABILITY = YES_AGGRESSIVE;
				CLANG_WARN_UNREACHABLE_CODE = YES;
				CLANG_WARN__DUPLICATE_METHOD_MATCH = YES;
				COPY_PHASE_STRIP = NO;
				DEBUG_INFORMATION_FORMAT = "dwarf-with-dsym";
				ENABLE_NS_ASSERTIONS = NO;
				ENABLE_STRICT_OBJC_MSGSEND = YES;
				GCC_C_LANGUAGE_STANDARD = gnu11;
				GCC_NO_COMMON_BLOCKS = YES;
				GCC_WARN_64_TO_32_BIT_CONVERSION = YES;
				GCC_WARN_ABOUT_RETURN_TYPE = YES_ERROR;
				GCC_WARN_UNDECLARED_SELECTOR = YES;
				GCC_WARN_UNINITIALIZED_AUTOS = YES_AGGRESSIVE;
				GCC_WARN_UNUSED_FUNCTION = YES;
				GCC_WARN_UNUSED_VARIABLE = YES;
				IPHONEOS_DEPLOYMENT_TARGET = 14.2;
				MTL_ENABLE_DEBUG_INFO = NO;
				MTL_FAST_MATH = YES;
				SDKROOT = iphoneos;
				SWIFT_COMPILATION_MODE = wholemodule;
				SWIFT_OPTIMIZATION_LEVEL = "-O";
				VALIDATE_PRODUCT = YES;
			};
			name = Release;
		};
		8483A88F27D89BA40002CA57 /* Debug */ = {
			isa = XCBuildConfiguration;
			baseConfigurationReference = 62C997B55DA35C154850B669 /* Pods-Todo.debug.xcconfig */;
			buildSettings = {
				ASSETCATALOG_COMPILER_APPICON_NAME = AppIcon;
				ASSETCATALOG_COMPILER_GLOBAL_ACCENT_COLOR_NAME = AccentColor;
				CODE_SIGN_STYLE = Automatic;
				INFOPLIST_FILE = Todo/Info.plist;
				IPHONEOS_DEPLOYMENT_TARGET = 13.0;
				LD_RUNPATH_SEARCH_PATHS = (
					"$(inherited)",
					"@executable_path/Frameworks",
				);
				PRODUCT_BUNDLE_IDENTIFIER = com.test.Todo;
				PRODUCT_NAME = "$(TARGET_NAME)";
				SWIFT_VERSION = 5.0;
				TARGETED_DEVICE_FAMILY = "1,2";
			};
			name = Debug;
		};
		8483A89027D89BA40002CA57 /* Release */ = {
			isa = XCBuildConfiguration;
			baseConfigurationReference = B629BB19F1DC1339FCF80659 /* Pods-Todo.release.xcconfig */;
			buildSettings = {
				ASSETCATALOG_COMPILER_APPICON_NAME = AppIcon;
				ASSETCATALOG_COMPILER_GLOBAL_ACCENT_COLOR_NAME = AccentColor;
				CODE_SIGN_STYLE = Automatic;
				INFOPLIST_FILE = Todo/Info.plist;
				IPHONEOS_DEPLOYMENT_TARGET = 13.0;
				LD_RUNPATH_SEARCH_PATHS = (
					"$(inherited)",
					"@executable_path/Frameworks",
				);
				PRODUCT_BUNDLE_IDENTIFIER = com.test.Todo;
				PRODUCT_NAME = "$(TARGET_NAME)";
				SWIFT_VERSION = 5.0;
				TARGETED_DEVICE_FAMILY = "1,2";
			};
			name = Release;
		};
		8483A89227D89BA40002CA57 /* Debug */ = {
			isa = XCBuildConfiguration;
			baseConfigurationReference = 63405F7708492EBD4A9BA9B5 /* Pods-TodoTests.debug.xcconfig */;
			buildSettings = {
				ALWAYS_EMBED_SWIFT_STANDARD_LIBRARIES = YES;
				BUNDLE_LOADER = "$(TEST_HOST)";
				CODE_SIGN_STYLE = Automatic;
				INFOPLIST_FILE = TodoTests/Info.plist;
				IPHONEOS_DEPLOYMENT_TARGET = 14.2;
				LD_RUNPATH_SEARCH_PATHS = (
					"$(inherited)",
					"@executable_path/Frameworks",
					"@loader_path/Frameworks",
				);
				PRODUCT_BUNDLE_IDENTIFIER = com.test.TodoTests;
				PRODUCT_NAME = "$(TARGET_NAME)";
				SWIFT_VERSION = 5.0;
				TARGETED_DEVICE_FAMILY = "1,2";
				TEST_HOST = "$(BUILT_PRODUCTS_DIR)/Todo.app/Todo";
			};
			name = Debug;
		};
		8483A89327D89BA40002CA57 /* Release */ = {
			isa = XCBuildConfiguration;
			baseConfigurationReference = 850AA50CB4A0AE9119A5CC0B /* Pods-TodoTests.release.xcconfig */;
			buildSettings = {
				ALWAYS_EMBED_SWIFT_STANDARD_LIBRARIES = YES;
				BUNDLE_LOADER = "$(TEST_HOST)";
				CODE_SIGN_STYLE = Automatic;
				INFOPLIST_FILE = TodoTests/Info.plist;
				IPHONEOS_DEPLOYMENT_TARGET = 14.2;
				LD_RUNPATH_SEARCH_PATHS = (
					"$(inherited)",
					"@executable_path/Frameworks",
					"@loader_path/Frameworks",
				);
				PRODUCT_BUNDLE_IDENTIFIER = com.test.TodoTests;
				PRODUCT_NAME = "$(TARGET_NAME)";
				SWIFT_VERSION = 5.0;
				TARGETED_DEVICE_FAMILY = "1,2";
				TEST_HOST = "$(BUILT_PRODUCTS_DIR)/Todo.app/Todo";
			};
			name = Release;
		};
		8483A89527D89BA40002CA57 /* Debug */ = {
			isa = XCBuildConfiguration;
			baseConfigurationReference = B96EEB601466ED6B29A10AAD /* Pods-Todo-TodoUITests.debug.xcconfig */;
			buildSettings = {
				ALWAYS_EMBED_SWIFT_STANDARD_LIBRARIES = YES;
				CODE_SIGN_STYLE = Automatic;
				INFOPLIST_FILE = TodoUITests/Info.plist;
				LD_RUNPATH_SEARCH_PATHS = (
					"$(inherited)",
					"@executable_path/Frameworks",
					"@loader_path/Frameworks",
				);
				PRODUCT_BUNDLE_IDENTIFIER = com.test.TodoUITests;
				PRODUCT_NAME = "$(TARGET_NAME)";
				SWIFT_VERSION = 5.0;
				TARGETED_DEVICE_FAMILY = "1,2";
				TEST_TARGET_NAME = Todo;
			};
			name = Debug;
		};
		8483A89627D89BA40002CA57 /* Release */ = {
			isa = XCBuildConfiguration;
			baseConfigurationReference = EE57C967D9CFAB17659FBF4F /* Pods-Todo-TodoUITests.release.xcconfig */;
			buildSettings = {
				ALWAYS_EMBED_SWIFT_STANDARD_LIBRARIES = YES;
				CODE_SIGN_STYLE = Automatic;
				INFOPLIST_FILE = TodoUITests/Info.plist;
				LD_RUNPATH_SEARCH_PATHS = (
					"$(inherited)",
					"@executable_path/Frameworks",
					"@loader_path/Frameworks",
				);
				PRODUCT_BUNDLE_IDENTIFIER = com.test.TodoUITests;
				PRODUCT_NAME = "$(TARGET_NAME)";
				SWIFT_VERSION = 5.0;
				TARGETED_DEVICE_FAMILY = "1,2";
				TEST_TARGET_NAME = Todo;
			};
			name = Release;
		};
/* End XCBuildConfiguration section */

/* Begin XCConfigurationList section */
		8483A85F27D89BA00002CA57 /* Build configuration list for PBXProject "Todo" */ = {
			isa = XCConfigurationList;
			buildConfigurations = (
				8483A88C27D89BA40002CA57 /* Debug */,
				8483A88D27D89BA40002CA57 /* Release */,
			);
			defaultConfigurationIsVisible = 0;
			defaultConfigurationName = Release;
		};
		8483A88E27D89BA40002CA57 /* Build configuration list for PBXNativeTarget "Todo" */ = {
			isa = XCConfigurationList;
			buildConfigurations = (
				8483A88F27D89BA40002CA57 /* Debug */,
				8483A89027D89BA40002CA57 /* Release */,
			);
			defaultConfigurationIsVisible = 0;
			defaultConfigurationName = Release;
		};
		8483A89127D89BA40002CA57 /* Build configuration list for PBXNativeTarget "TodoTests" */ = {
			isa = XCConfigurationList;
			buildConfigurations = (
				8483A89227D89BA40002CA57 /* Debug */,
				8483A89327D89BA40002CA57 /* Release */,
			);
			defaultConfigurationIsVisible = 0;
			defaultConfigurationName = Release;
		};
		8483A89427D89BA40002CA57 /* Build configuration list for PBXNativeTarget "TodoUITests" */ = {
			isa = XCConfigurationList;
			buildConfigurations = (
				8483A89527D89BA40002CA57 /* Debug */,
				8483A89627D89BA40002CA57 /* Release */,
			);
			defaultConfigurationIsVisible = 0;
			defaultConfigurationName = Release;
		};
/* End XCConfigurationList section */
	};
	rootObject = 8483A85C27D89BA00002CA57 /* Project object */;
}
